<?xml version="1.0" encoding="utf-8"?>
<Project ToolsVersion="15.0" xmlns="http://schemas.microsoft.com/developer/msbuild/2003">
  <ItemGroup>
    <Filter Include="Common">
      <UniqueIdentifier>f3de104c-0d5d-4d1a-9e06-75cfc7d44911</UniqueIdentifier>
    </Filter>
    <Filter Include="Assets">
      <UniqueIdentifier>5d824e1d-e5db-44c0-8469-e034674b7a4a</UniqueIdentifier>
      <Extensions>bmp;fbx;gif;jpg;jpeg;tga;tiff;tif;png</Extensions>
    </Filter>
    <Image Include="Assets\Logo.scale-100.png">
      <Filter>Assets</Filter>
    </Image>
    <Image Include="Assets\SmallLogo.scale-100.png">
      <Filter>Assets</Filter>
    </Image>
    <Image Include="Assets\StoreLogo.scale-100.png">
      <Filter>Assets</Filter>
    </Image>
    <Image Include="Assets\SplashScreen.scale-100.png">
      <Filter>Assets</Filter>
    </Image>
  </ItemGroup>
</Project>
